{
  "name": "uuid-example-node-esmodules",
  "version": "0.0.0",
  "lockfileVersion": 2,
  "requires": true,
  "packages": {
    "": {
      "name": "uuid-example-node-esmodules",
      "version": "0.0.0",
      "dependencies": {
        "uuid": "file:../../.build/uuid.tgz"
      }
    },
    "node_modules/uuid": {
      "version": "11.0.4",
      "resolved": "file:../../.build/uuid.tgz",
      "integrity": "sha512-vI25LYwtbUBqXRLpsqUs2d3iVz9yrirhx4S2DjMdLp5EE1pbEdbZaI0PkqXRL9dyW43gN5FWxFD8I6t2mrnuuA==",
      "funding": [
        "https://github.com/sponsors/broofa",
        "https://github.com/sponsors/ctavan"
      ],
      "license": "MIT",
      "bin": {
        "uuid": "dist/esm/bin/uuid"
      }
    }
  },
  "dependencies": {
    "uuid": {
      "version": "file:../../.build/uuid.tgz",
      "integrity": "sha512-vI25LYwtbUBqXRLpsqUs2d3iVz9yrirhx4S2DjMdLp5EE1pbEdbZaI0PkqXRL9dyW43gN5FWxFD8I6t2mrnuuA=="
    }
  }
}
