{
  "name": "uuid-example-browser-esmodules",
  "version": "0.0.0",
  "lockfileVersion": 2,
  "requires": true,
  "packages": {
    "": {
      "name": "uuid-example-browser-esmodules",
      "version": "0.0.0",
      "dependencies": {
        "uuid": "file:../../.build/uuid.tgz"
      }
    },
    "node_modules/uuid": {
      "version": "11.0.4",
      "resolved": "file:../../.build/uuid.tgz",
      "integrity": "sha512-Njh7zyKRNmnzDmb7X6BO7D7HWDE5nj6ytyfyy6L2XMex5gn/tBs+r05bQfWBYJwInwbnC98aLmu9GyOTMwA5QA==",
      "funding": [
        "https://github.com/sponsors/broofa",
        "https://github.com/sponsors/ctavan"
      ],
      "license": "MIT",
      "bin": {
        "uuid": "dist/esm/bin/uuid"
      }
    }
  },
  "dependencies": {
    "uuid": {
      "version": "file:../../.build/uuid.tgz",
      "integrity": "sha512-Njh7zyKRNmnzDmb7X6BO7D7HWDE5nj6ytyfyy6L2XMex5gn/tBs+r05bQfWBYJwInwbnC98aLmu9GyOTMwA5QA=="
    }
  }
}
